PODS:
  - OpenTok (2.16.3)
  - OTKAnalytics (2.1.0)
  - SVProgressHUD (2.2.1)

DEPENDENCIES:
  - OpenTok (= 2.16.3)
  - OTKAnalytics (= 2.1.0)
  - SVProgressHUD (= 2.2.1)

SPEC REPOS:
  trunk:
    - OpenTok
    - OTKAnalytics
    - SVProgressHUD

SPEC CHECKSUMS:
  OpenTok: e17e1333108837cf0669be5de8f3155d1eb7ac12
  OTKAnalytics: d959cb9037564ce382cf79f1e43d0bf03a9dcd60
  SVProgressHUD: db27c54e6e18bc903341661fc9feb55e04905cc4

PODFILE CHECKSUM: 1ed3a6d532262a133636d0f80e548479ac579600

COCOAPODS: 1.9.1
